
Microsoft Visual Studio Solution File, Format Version 12.00
# Visual Studio 15
VisualStudioVersion = 15.0.28010.2019
MinimumVisualStudioVersion = 10.0.40219.1
Project("{FAE04EC0-301F-11D3-BF4B-00C04F79EFBC}") = "XamarinCustomControls.Android", "XamarinCustomControls\XamarinCustomControls.Android\XamarinCustomControls.Android.csproj", "{826E82B8-E590-42FA-8A4A-4C59C99305CA}"
EndProject
Project("{FAE04EC0-301F-11D3-BF4B-00C04F79EFBC}") = "XamarinCustomControls.iOS", "XamarinCustomControls\XamarinCustomControls.iOS\XamarinCustomControls.iOS.csproj", "{27C5A92F-8B8D-43BB-A501-3CE659CB61DB}"
EndProject
Project("{FAE04EC0-301F-11D3-BF4B-00C04F79EFBC}") = "XamarinCustomControls", "XamarinCustomControls\XamarinCustomControls\XamarinCustomControls.csproj", "{267569B8-F9AC-4578-8E80-0CA554468752}"
EndProject
Global
	GlobalSection(SolutionConfigurationPlatforms) = preSolution
		Ad-Hoc|Any CPU = Ad-Hoc|Any CPU
		Ad-Hoc|iPhone = Ad-Hoc|iPhone
		Ad-Hoc|iPhoneSimulator = Ad-Hoc|iPhoneSimulator
		AppStore|Any CPU = AppStore|Any CPU
		AppStore|iPhone = AppStore|iPhone
		AppStore|iPhoneSimulator = AppStore|iPhoneSimulator
		Debug|Any CPU = Debug|Any CPU
		Debug|iPhone = Debug|iPhone
		Debug|iPhoneSimulator = Debug|iPhoneSimulator
		Release|Any CPU = Release|Any CPU
		Release|iPhone = Release|iPhone
		Release|iPhoneSimulator = Release|iPhoneSimulator
	EndGlobalSection
	GlobalSection(ProjectConfigurationPlatforms) = postSolution
		{826E82B8-E590-42FA-8A4A-4C59C99305CA}.Ad-Hoc|Any CPU.ActiveCfg = Release|Any CPU
		{826E82B8-E590-42FA-8A4A-4C59C99305CA}.Ad-Hoc|Any CPU.Build.0 = Release|Any CPU
		{826E82B8-E590-42FA-8A4A-4C59C99305CA}.Ad-Hoc|Any CPU.Deploy.0 = Release|Any CPU
		{826E82B8-E590-42FA-8A4A-4C59C99305CA}.Ad-Hoc|iPhone.ActiveCfg = Release|Any CPU
		{826E82B8-E590-42FA-8A4A-4C59C99305CA}.Ad-Hoc|iPhone.Build.0 = Release|Any CPU
		{826E82B8-E590-42FA-8A4A-4C59C99305CA}.Ad-Hoc|iPhone.Deploy.0 = Release|Any CPU
		{826E82B8-E590-42FA-8A4A-4C59C99305CA}.Ad-Hoc|iPhoneSimulator.ActiveCfg = Release|Any CPU
		{826E82B8-E590-42FA-8A4A-4C59C99305CA}.Ad-Hoc|iPhoneSimulator.Build.0 = Release|Any CPU
		{826E82B8-E590-42FA-8A4A-4C59C99305CA}.Ad-Hoc|iPhoneSimulator.Deploy.0 = Release|Any CPU
		{826E82B8-E590-42FA-8A4A-4C59C99305CA}.AppStore|Any CPU.ActiveCfg = Release|Any CPU
		{826E82B8-E590-42FA-8A4A-4C59C99305CA}.AppStore|Any CPU.Build.0 = Release|Any CPU
		{826E82B8-E590-42FA-8A4A-4C59C99305CA}.AppStore|Any CPU.Deploy.0 = Release|Any CPU
		{826E82B8-E590-42FA-8A4A-4C59C99305CA}.AppStore|iPhone.ActiveCfg = Release|Any CPU
		{826E82B8-E590-42FA-8A4A-4C59C99305CA}.AppStore|iPhone.Build.0 = Release|Any CPU
		{826E82B8-E590-42FA-8A4A-4C59C99305CA}.AppStore|iPhone.Deploy.0 = Release|Any CPU
		{826E82B8-E590-42FA-8A4A-4C59C99305CA}.AppStore|iPhoneSimulator.ActiveCfg = Release|Any CPU
		{826E82B8-E590-42FA-8A4A-4C59C99305CA}.AppStore|iPhoneSimulator.Build.0 = Release|Any CPU
		{826E82B8-E590-42FA-8A4A-4C59C99305CA}.AppStore|iPhoneSimulator.Deploy.0 = Release|Any CPU
		{826E82B8-E590-42FA-8A4A-4C59C99305CA}.Debug|Any CPU.ActiveCfg = Debug|Any CPU
		{826E82B8-E590-42FA-8A4A-4C59C99305CA}.Debug|Any CPU.Build.0 = Debug|Any CPU
		{826E82B8-E590-42FA-8A4A-4C59C99305CA}.Debug|Any CPU.Deploy.0 = Debug|Any CPU
		{826E82B8-E590-42FA-8A4A-4C59C99305CA}.Debug|iPhone.ActiveCfg = Debug|Any CPU
		{826E82B8-E590-42FA-8A4A-4C59C99305CA}.Debug|iPhone.Build.0 = Debug|Any CPU
		{826E82B8-E590-42FA-8A4A-4C59C99305CA}.Debug|iPhone.Deploy.0 = Debug|Any CPU
		{826E82B8-E590-42FA-8A4A-4C59C99305CA}.Debug|iPhoneSimulator.ActiveCfg = Debug|Any CPU
		{826E82B8-E590-42FA-8A4A-4C59C99305CA}.Debug|iPhoneSimulator.Build.0 = Debug|Any CPU
		{826E82B8-E590-42FA-8A4A-4C59C99305CA}.Debug|iPhoneSimulator.Deploy.0 = Debug|Any CPU
		{826E82B8-E590-42FA-8A4A-4C59C99305CA}.Release|Any CPU.ActiveCfg = Release|Any CPU
		{826E82B8-E590-42FA-8A4A-4C59C99305CA}.Release|Any CPU.Build.0 = Release|Any CPU
		{826E82B8-E590-42FA-8A4A-4C59C99305CA}.Release|Any CPU.Deploy.0 = Release|Any CPU
		{826E82B8-E590-42FA-8A4A-4C59C99305CA}.Release|iPhone.ActiveCfg = Release|Any CPU
		{826E82B8-E590-42FA-8A4A-4C59C99305CA}.Release|iPhone.Build.0 = Release|Any CPU
		{826E82B8-E590-42FA-8A4A-4C59C99305CA}.Release|iPhone.Deploy.0 = Release|Any CPU
		{826E82B8-E590-42FA-8A4A-4C59C99305CA}.Release|iPhoneSimulator.ActiveCfg = Release|Any CPU
		{826E82B8-E590-42FA-8A4A-4C59C99305CA}.Release|iPhoneSimulator.Build.0 = Release|Any CPU
		{826E82B8-E590-42FA-8A4A-4C59C99305CA}.Release|iPhoneSimulator.Deploy.0 = Release|Any CPU
		{27C5A92F-8B8D-43BB-A501-3CE659CB61DB}.Ad-Hoc|Any CPU.ActiveCfg = Ad-Hoc|iPhone
		{27C5A92F-8B8D-43BB-A501-3CE659CB61DB}.Ad-Hoc|Any CPU.Build.0 = Ad-Hoc|iPhone
		{27C5A92F-8B8D-43BB-A501-3CE659CB61DB}.Ad-Hoc|Any CPU.Deploy.0 = Ad-Hoc|iPhone
		{27C5A92F-8B8D-43BB-A501-3CE659CB61DB}.Ad-Hoc|iPhone.ActiveCfg = Ad-Hoc|iPhone
		{27C5A92F-8B8D-43BB-A501-3CE659CB61DB}.Ad-Hoc|iPhone.Build.0 = Ad-Hoc|iPhone
		{27C5A92F-8B8D-43BB-A501-3CE659CB61DB}.Ad-Hoc|iPhone.Deploy.0 = Ad-Hoc|iPhone
		{27C5A92F-8B8D-43BB-A501-3CE659CB61DB}.Ad-Hoc|iPhoneSimulator.ActiveCfg = Ad-Hoc|iPhoneSimulator
		{27C5A92F-8B8D-43BB-A501-3CE659CB61DB}.Ad-Hoc|iPhoneSimulator.Build.0 = Ad-Hoc|iPhoneSimulator
		{27C5A92F-8B8D-43BB-A501-3CE659CB61DB}.Ad-Hoc|iPhoneSimulator.Deploy.0 = Ad-Hoc|iPhoneSimulator
		{27C5A92F-8B8D-43BB-A501-3CE659CB61DB}.AppStore|Any CPU.ActiveCfg = AppStore|iPhone
		{27C5A92F-8B8D-43BB-A501-3CE659CB61DB}.AppStore|Any CPU.Build.0 = AppStore|iPhone
		{27C5A92F-8B8D-43BB-A501-3CE659CB61DB}.AppStore|Any CPU.Deploy.0 = AppStore|iPhone
		{27C5A92F-8B8D-43BB-A501-3CE659CB61DB}.AppStore|iPhone.ActiveCfg = AppStore|iPhone
		{27C5A92F-8B8D-43BB-A501-3CE659CB61DB}.AppStore|iPhone.Build.0 = AppStore|iPhone
		{27C5A92F-8B8D-43BB-A501-3CE659CB61DB}.AppStore|iPhone.Deploy.0 = AppStore|iPhone
		{27C5A92F-8B8D-43BB-A501-3CE659CB61DB}.AppStore|iPhoneSimulator.ActiveCfg = AppStore|iPhoneSimulator
		{27C5A92F-8B8D-43BB-A501-3CE659CB61DB}.AppStore|iPhoneSimulator.Build.0 = AppStore|iPhoneSimulator
		{27C5A92F-8B8D-43BB-A501-3CE659CB61DB}.AppStore|iPhoneSimulator.Deploy.0 = AppStore|iPhoneSimulator
		{27C5A92F-8B8D-43BB-A501-3CE659CB61DB}.Debug|Any CPU.ActiveCfg = Debug|iPhone
		{27C5A92F-8B8D-43BB-A501-3CE659CB61DB}.Debug|Any CPU.Build.0 = Debug|iPhone
		{27C5A92F-8B8D-43BB-A501-3CE659CB61DB}.Debug|Any CPU.Deploy.0 = Debug|iPhone
		{27C5A92F-8B8D-43BB-A501-3CE659CB61DB}.Debug|iPhone.ActiveCfg = Debug|iPhone
		{27C5A92F-8B8D-43BB-A501-3CE659CB61DB}.Debug|iPhone.Build.0 = Debug|iPhone
		{27C5A92F-8B8D-43BB-A501-3CE659CB61DB}.Debug|iPhone.Deploy.0 = Debug|iPhone
		{27C5A92F-8B8D-43BB-A501-3CE659CB61DB}.Debug|iPhoneSimulator.ActiveCfg = Debug|iPhoneSimulator
		{27C5A92F-8B8D-43BB-A501-3CE659CB61DB}.Debug|iPhoneSimulator.Build.0 = Debug|iPhoneSimulator
		{27C5A92F-8B8D-43BB-A501-3CE659CB61DB}.Debug|iPhoneSimulator.Deploy.0 = Debug|iPhoneSimulator
		{27C5A92F-8B8D-43BB-A501-3CE659CB61DB}.Release|Any CPU.ActiveCfg = Release|iPhone
		{27C5A92F-8B8D-43BB-A501-3CE659CB61DB}.Release|Any CPU.Build.0 = Release|iPhone
		{27C5A92F-8B8D-43BB-A501-3CE659CB61DB}.Release|Any CPU.Deploy.0 = Release|iPhone
		{27C5A92F-8B8D-43BB-A501-3CE659CB61DB}.Release|iPhone.ActiveCfg = Release|iPhone
		{27C5A92F-8B8D-43BB-A501-3CE659CB61DB}.Release|iPhone.Build.0 = Release|iPhone
		{27C5A92F-8B8D-43BB-A501-3CE659CB61DB}.Release|iPhone.Deploy.0 = Release|iPhone
		{27C5A92F-8B8D-43BB-A501-3CE659CB61DB}.Release|iPhoneSimulator.ActiveCfg = Release|iPhoneSimulator
		{27C5A92F-8B8D-43BB-A501-3CE659CB61DB}.Release|iPhoneSimulator.Build.0 = Release|iPhoneSimulator
		{27C5A92F-8B8D-43BB-A501-3CE659CB61DB}.Release|iPhoneSimulator.Deploy.0 = Release|iPhoneSimulator
		{267569B8-F9AC-4578-8E80-0CA554468752}.Ad-Hoc|Any CPU.ActiveCfg = Debug|Any CPU
		{267569B8-F9AC-4578-8E80-0CA554468752}.Ad-Hoc|Any CPU.Build.0 = Debug|Any CPU
		{267569B8-F9AC-4578-8E80-0CA554468752}.Ad-Hoc|Any CPU.Deploy.0 = Debug|Any CPU
		{267569B8-F9AC-4578-8E80-0CA554468752}.Ad-Hoc|iPhone.ActiveCfg = Debug|Any CPU
		{267569B8-F9AC-4578-8E80-0CA554468752}.Ad-Hoc|iPhone.Build.0 = Debug|Any CPU
		{267569B8-F9AC-4578-8E80-0CA554468752}.Ad-Hoc|iPhone.Deploy.0 = Debug|Any CPU
		{267569B8-F9AC-4578-8E80-0CA554468752}.Ad-Hoc|iPhoneSimulator.ActiveCfg = Debug|Any CPU
		{267569B8-F9AC-4578-8E80-0CA554468752}.Ad-Hoc|iPhoneSimulator.Build.0 = Debug|Any CPU
		{267569B8-F9AC-4578-8E80-0CA554468752}.Ad-Hoc|iPhoneSimulator.Deploy.0 = Debug|Any CPU
		{267569B8-F9AC-4578-8E80-0CA554468752}.AppStore|Any CPU.ActiveCfg = Debug|Any CPU
		{267569B8-F9AC-4578-8E80-0CA554468752}.AppStore|Any CPU.Build.0 = Debug|Any CPU
		{267569B8-F9AC-4578-8E80-0CA554468752}.AppStore|Any CPU.Deploy.0 = Debug|Any CPU
		{267569B8-F9AC-4578-8E80-0CA554468752}.AppStore|iPhone.ActiveCfg = Debug|Any CPU
		{267569B8-F9AC-4578-8E80-0CA554468752}.AppStore|iPhone.Build.0 = Debug|Any CPU
		{267569B8-F9AC-4578-8E80-0CA554468752}.AppStore|iPhone.Deploy.0 = Debug|Any CPU
		{267569B8-F9AC-4578-8E80-0CA554468752}.AppStore|iPhoneSimulator.ActiveCfg = Debug|Any CPU
		{267569B8-F9AC-4578-8E80-0CA554468752}.AppStore|iPhoneSimulator.Build.0 = Debug|Any CPU
		{267569B8-F9AC-4578-8E80-0CA554468752}.AppStore|iPhoneSimulator.Deploy.0 = Debug|Any CPU
		{267569B8-F9AC-4578-8E80-0CA554468752}.Debug|Any CPU.ActiveCfg = Debug|Any CPU
		{267569B8-F9AC-4578-8E80-0CA554468752}.Debug|Any CPU.Build.0 = Debug|Any CPU
		{267569B8-F9AC-4578-8E80-0CA554468752}.Debug|Any CPU.Deploy.0 = Debug|Any CPU
		{267569B8-F9AC-4578-8E80-0CA554468752}.Debug|iPhone.ActiveCfg = Debug|Any CPU
		{267569B8-F9AC-4578-8E80-0CA554468752}.Debug|iPhone.Build.0 = Debug|Any CPU
		{267569B8-F9AC-4578-8E80-0CA554468752}.Debug|iPhone.Deploy.0 = Debug|Any CPU
		{267569B8-F9AC-4578-8E80-0CA554468752}.Debug|iPhoneSimulator.ActiveCfg = Debug|Any CPU
		{267569B8-F9AC-4578-8E80-0CA554468752}.Debug|iPhoneSimulator.Build.0 = Debug|Any CPU
		{267569B8-F9AC-4578-8E80-0CA554468752}.Debug|iPhoneSimulator.Deploy.0 = Debug|Any CPU
		{267569B8-F9AC-4578-8E80-0CA554468752}.Release|Any CPU.ActiveCfg = Release|Any CPU
		{267569B8-F9AC-4578-8E80-0CA554468752}.Release|Any CPU.Build.0 = Release|Any CPU
		{267569B8-F9AC-4578-8E80-0CA554468752}.Release|Any CPU.Deploy.0 = Release|Any CPU
		{267569B8-F9AC-4578-8E80-0CA554468752}.Release|iPhone.ActiveCfg = Release|Any CPU
		{267569B8-F9AC-4578-8E80-0CA554468752}.Release|iPhone.Build.0 = Release|Any CPU
		{267569B8-F9AC-4578-8E80-0CA554468752}.Release|iPhone.Deploy.0 = Release|Any CPU
		{267569B8-F9AC-4578-8E80-0CA554468752}.Release|iPhoneSimulator.ActiveCfg = Release|Any CPU
		{267569B8-F9AC-4578-8E80-0CA554468752}.Release|iPhoneSimulator.Build.0 = Release|Any CPU
		{267569B8-F9AC-4578-8E80-0CA554468752}.Release|iPhoneSimulator.Deploy.0 = Release|Any CPU
	EndGlobalSection
	GlobalSection(SolutionProperties) = preSolution
		HideSolutionNode = FALSE
	EndGlobalSection
	GlobalSection(ExtensibilityGlobals) = postSolution
		SolutionGuid = {F8DD6C06-CCD7-4876-B38C-853E97738F20}
	EndGlobalSection
EndGlobal
